{
  "name": "example",
  "version": "1.0.0",
  "lockfileVersion": 3,
  "requires": true,
  "packages": {
    "": {
      "name": "example",
      "version": "1.0.0",
      "workspaces": [
        "common",
        "server"
      ]
    },
    "common": {
      "name": "@example/common",
      "version": "1.0.0"
    },
    "node_modules/@example/common": {
      "resolved": "common",
      "link": true
    },
    "node_modules/@example/server": {
      "resolved": "server",
      "link": true
    },
    "server": {
      "name": "@example/server",
      "version": "1.0.0",
      "dependencies": {
        "@example/common": "1.0.0"
      }
    }
  }
}
